
Microsoft Visual Studio Solution File, Format Version 12.00
# Visual Studio Version 16
VisualStudioVersion = 16.0.31624.102
MinimumVisualStudioVersion = 10.0.40219.1
Project("{FAE04EC0-301F-11D3-BF4B-00C04F79EFBC}") = "meteor", "meteor\meteor.csproj", "{7572648A-0B3D-4D37-B24C-94984E9E53C6}"
EndProject
Global
	GlobalSection(SolutionConfigurationPlatforms) = preSolution
		Debug|Any CPU = Debug|Any CPU
		Release|Any CPU = Release|Any CPU
	EndGlobalSection
	GlobalSection(ProjectConfigurationPlatforms) = postSolution
		{7572648A-0B3D-4D37-B24C-94984E9E53C6}.Debug|Any CPU.ActiveCfg = Debug|Any CPU
		{7572648A-0B3D-4D37-B24C-94984E9E53C6}.Debug|Any CPU.Build.0 = Debug|Any CPU
		{7572648A-0B3D-4D37-B24C-94984E9E53C6}.Release|Any CPU.ActiveCfg = Release|Any CPU
		{7572648A-0B3D-4D37-B24C-94984E9E53C6}.Release|Any CPU.Build.0 = Release|Any CPU
	EndGlobalSection
	GlobalSection(SolutionProperties) = preSolution
		HideSolutionNode = FALSE
	EndGlobalSection
	GlobalSection(ExtensibilityGlobals) = postSolution
		SolutionGuid = {085D15A7-3E36-46DB-AE7A-E53BB860CCEC}
	EndGlobalSection
EndGlobal
