
Microsoft Visual Studio Solution File, Format Version 12.00
# Visual Studio Version 16
VisualStudioVersion = 16.0.31624.102
MinimumVisualStudioVersion = 10.0.40219.1
Project("{FAE04EC0-301F-11D3-BF4B-00C04F79EFBC}") = "div0", "div0\div0.csproj", "{56180DD2-B3DE-418A-857A-2FEAEEDDB435}"
EndProject
Global
	GlobalSection(SolutionConfigurationPlatforms) = preSolution
		Debug|Any CPU = Debug|Any CPU
		Release|Any CPU = Release|Any CPU
	EndGlobalSection
	GlobalSection(ProjectConfigurationPlatforms) = postSolution
		{56180DD2-B3DE-418A-857A-2FEAEEDDB435}.Debug|Any CPU.ActiveCfg = Debug|Any CPU
		{56180DD2-B3DE-418A-857A-2FEAEEDDB435}.Debug|Any CPU.Build.0 = Debug|Any CPU
		{56180DD2-B3DE-418A-857A-2FEAEEDDB435}.Release|Any CPU.ActiveCfg = Release|Any CPU
		{56180DD2-B3DE-418A-857A-2FEAEEDDB435}.Release|Any CPU.Build.0 = Release|Any CPU
	EndGlobalSection
	GlobalSection(SolutionProperties) = preSolution
		HideSolutionNode = FALSE
	EndGlobalSection
	GlobalSection(ExtensibilityGlobals) = postSolution
		SolutionGuid = {C2660AA8-117E-4ECE-93A9-38CE1A54A66F}
	EndGlobalSection
EndGlobal
