
Microsoft Visual Studio Solution File, Format Version 12.00
# Visual Studio Version 16
VisualStudioVersion = 16.0.31624.102
MinimumVisualStudioVersion = 10.0.40219.1
Project("{FAE04EC0-301F-11D3-BF4B-00C04F79EFBC}") = "TestSeznama", "TestSeznama\TestSeznama.csproj", "{A3969DC9-0C9F-4FE9-8623-F4ED59FA136A}"
EndProject
Global
	GlobalSection(SolutionConfigurationPlatforms) = preSolution
		Debug|Any CPU = Debug|Any CPU
		Release|Any CPU = Release|Any CPU
	EndGlobalSection
	GlobalSection(ProjectConfigurationPlatforms) = postSolution
		{A3969DC9-0C9F-4FE9-8623-F4ED59FA136A}.Debug|Any CPU.ActiveCfg = Debug|Any CPU
		{A3969DC9-0C9F-4FE9-8623-F4ED59FA136A}.Debug|Any CPU.Build.0 = Debug|Any CPU
		{A3969DC9-0C9F-4FE9-8623-F4ED59FA136A}.Release|Any CPU.ActiveCfg = Release|Any CPU
		{A3969DC9-0C9F-4FE9-8623-F4ED59FA136A}.Release|Any CPU.Build.0 = Release|Any CPU
	EndGlobalSection
	GlobalSection(SolutionProperties) = preSolution
		HideSolutionNode = FALSE
	EndGlobalSection
	GlobalSection(ExtensibilityGlobals) = postSolution
		SolutionGuid = {E90CD291-B86E-492A-B2E4-74A871921BBC}
	EndGlobalSection
EndGlobal
