
Microsoft Visual Studio Solution File, Format Version 12.00
# Visual Studio Version 16
VisualStudioVersion = 16.0.31624.102
MinimumVisualStudioVersion = 10.0.40219.1
Project("{FAE04EC0-301F-11D3-BF4B-00C04F79EFBC}") = "LINQ1", "LINQ1\LINQ1.csproj", "{A48524A2-8C03-4651-82B3-05A99B236113}"
EndProject
Global
	GlobalSection(SolutionConfigurationPlatforms) = preSolution
		Debug|Any CPU = Debug|Any CPU
		Release|Any CPU = Release|Any CPU
	EndGlobalSection
	GlobalSection(ProjectConfigurationPlatforms) = postSolution
		{A48524A2-8C03-4651-82B3-05A99B236113}.Debug|Any CPU.ActiveCfg = Debug|Any CPU
		{A48524A2-8C03-4651-82B3-05A99B236113}.Debug|Any CPU.Build.0 = Debug|Any CPU
		{A48524A2-8C03-4651-82B3-05A99B236113}.Release|Any CPU.ActiveCfg = Release|Any CPU
		{A48524A2-8C03-4651-82B3-05A99B236113}.Release|Any CPU.Build.0 = Release|Any CPU
	EndGlobalSection
	GlobalSection(SolutionProperties) = preSolution
		HideSolutionNode = FALSE
	EndGlobalSection
	GlobalSection(ExtensibilityGlobals) = postSolution
		SolutionGuid = {DE458891-D8D9-478E-86AD-8F4C8278560B}
	EndGlobalSection
EndGlobal
