
Microsoft Visual Studio Solution File, Format Version 12.00
# Visual Studio Version 16
VisualStudioVersion = 16.0.31624.102
MinimumVisualStudioVersion = 10.0.40219.1
Project("{FAE04EC0-301F-11D3-BF4B-00C04F79EFBC}") = "Nepovezan", "Nepovezan\Nepovezan.csproj", "{9423CE27-FFA2-4B22-B803-6A11F410DF5C}"
EndProject
Global
	GlobalSection(SolutionConfigurationPlatforms) = preSolution
		Debug|Any CPU = Debug|Any CPU
		Release|Any CPU = Release|Any CPU
	EndGlobalSection
	GlobalSection(ProjectConfigurationPlatforms) = postSolution
		{9423CE27-FFA2-4B22-B803-6A11F410DF5C}.Debug|Any CPU.ActiveCfg = Debug|Any CPU
		{9423CE27-FFA2-4B22-B803-6A11F410DF5C}.Debug|Any CPU.Build.0 = Debug|Any CPU
		{9423CE27-FFA2-4B22-B803-6A11F410DF5C}.Release|Any CPU.ActiveCfg = Release|Any CPU
		{9423CE27-FFA2-4B22-B803-6A11F410DF5C}.Release|Any CPU.Build.0 = Release|Any CPU
	EndGlobalSection
	GlobalSection(SolutionProperties) = preSolution
		HideSolutionNode = FALSE
	EndGlobalSection
	GlobalSection(ExtensibilityGlobals) = postSolution
		SolutionGuid = {3037F197-B3FD-407B-B7F6-7172D7791E13}
	EndGlobalSection
EndGlobal
