
Microsoft Visual Studio Solution File, Format Version 12.00
# Visual Studio Version 16
VisualStudioVersion = 16.0.31624.102
MinimumVisualStudioVersion = 10.0.40219.1
Project("{FAE04EC0-301F-11D3-BF4B-00C04F79EFBC}") = "LingToSQL", "LingToSQL\LingToSQL.csproj", "{2298954C-55BB-4BB8-9FB7-665674505A3C}"
EndProject
Global
	GlobalSection(SolutionConfigurationPlatforms) = preSolution
		Debug|Any CPU = Debug|Any CPU
		Release|Any CPU = Release|Any CPU
	EndGlobalSection
	GlobalSection(ProjectConfigurationPlatforms) = postSolution
		{2298954C-55BB-4BB8-9FB7-665674505A3C}.Debug|Any CPU.ActiveCfg = Debug|Any CPU
		{2298954C-55BB-4BB8-9FB7-665674505A3C}.Debug|Any CPU.Build.0 = Debug|Any CPU
		{2298954C-55BB-4BB8-9FB7-665674505A3C}.Release|Any CPU.ActiveCfg = Release|Any CPU
		{2298954C-55BB-4BB8-9FB7-665674505A3C}.Release|Any CPU.Build.0 = Release|Any CPU
	EndGlobalSection
	GlobalSection(SolutionProperties) = preSolution
		HideSolutionNode = FALSE
	EndGlobalSection
	GlobalSection(ExtensibilityGlobals) = postSolution
		SolutionGuid = {70A6BE22-F866-440E-ABDC-3AE4FC96DCEA}
	EndGlobalSection
EndGlobal
